
Microsoft Visual Studio Solution File, Format Version 12.00
# Visual Studio 15
VisualStudioVersion = 15.0.27130.2027
MinimumVisualStudioVersion = 10.0.40219.1
Project("{2150E333-8FDC-42A3-9474-1A3956D46DE8}") = "Chapter1", "Chapter1", "{7DCFDF91-A323-4231-9311-12196224275B}"
EndProject
Project("{FAE04EC0-301F-11D3-BF4B-00C04F79EFBC}") = "Chapter1", "Chapter1\Chapter1\Chapter1.csproj", "{862B6AC1-B987-4317-9829-CE17BFF2CE23}"
EndProject
Project("{FAE04EC0-301F-11D3-BF4B-00C04F79EFBC}") = "TestValueTask", "TestValueTask\TestValueTask.csproj", "{E7EB810F-C176-4CA2-8851-3FDB978D6601}"
EndProject
Project("{2150E333-8FDC-42A3-9474-1A3956D46DE8}") = "Chapter2", "Chapter2", "{926686BA-7498-405C-81A4-FE3F724F748C}"
EndProject
Global
	GlobalSection(SolutionConfigurationPlatforms) = preSolution
		Debug|Any CPU = Debug|Any CPU
		Release|Any CPU = Release|Any CPU
	EndGlobalSection
	GlobalSection(ProjectConfigurationPlatforms) = postSolution
		{862B6AC1-B987-4317-9829-CE17BFF2CE23}.Debug|Any CPU.ActiveCfg = Debug|Any CPU
		{862B6AC1-B987-4317-9829-CE17BFF2CE23}.Debug|Any CPU.Build.0 = Debug|Any CPU
		{862B6AC1-B987-4317-9829-CE17BFF2CE23}.Release|Any CPU.ActiveCfg = Release|Any CPU
		{862B6AC1-B987-4317-9829-CE17BFF2CE23}.Release|Any CPU.Build.0 = Release|Any CPU
		{E7EB810F-C176-4CA2-8851-3FDB978D6601}.Debug|Any CPU.ActiveCfg = Debug|Any CPU
		{E7EB810F-C176-4CA2-8851-3FDB978D6601}.Debug|Any CPU.Build.0 = Debug|Any CPU
		{E7EB810F-C176-4CA2-8851-3FDB978D6601}.Release|Any CPU.ActiveCfg = Release|Any CPU
		{E7EB810F-C176-4CA2-8851-3FDB978D6601}.Release|Any CPU.Build.0 = Release|Any CPU
	EndGlobalSection
	GlobalSection(SolutionProperties) = preSolution
		HideSolutionNode = FALSE
	EndGlobalSection
	GlobalSection(NestedProjects) = preSolution
		{862B6AC1-B987-4317-9829-CE17BFF2CE23} = {7DCFDF91-A323-4231-9311-12196224275B}
		{E7EB810F-C176-4CA2-8851-3FDB978D6601} = {7DCFDF91-A323-4231-9311-12196224275B}
	EndGlobalSection
	GlobalSection(ExtensibilityGlobals) = postSolution
		SolutionGuid = {79C6C7F8-AD33-41D3-B7E0-6B9E90AE67F5}
	EndGlobalSection
EndGlobal
