
Microsoft Visual Studio Solution File, Format Version 12.00
# Visual Studio 15
VisualStudioVersion = 15.0.27130.2027
MinimumVisualStudioVersion = 10.0.40219.1
Project("{2150E333-8FDC-42A3-9474-1A3956D46DE8}") = "Chapter1", "Chapter1", "{7DCFDF91-A323-4231-9311-12196224275B}"
EndProject
Project("{FAE04EC0-301F-11D3-BF4B-00C04F79EFBC}") = "Chapter1", "Chapter1\Chapter1\Chapter1.csproj", "{862B6AC1-B987-4317-9829-CE17BFF2CE23}"
EndProject
Project("{FAE04EC0-301F-11D3-BF4B-00C04F79EFBC}") = "TestValueTask", "TestValueTask\TestValueTask.csproj", "{E7EB810F-C176-4CA2-8851-3FDB978D6601}"
EndProject
Project("{2150E333-8FDC-42A3-9474-1A3956D46DE8}") = "Chapter2", "Chapter2", "{926686BA-7498-405C-81A4-FE3F724F748C}"
EndProject
Project("{FAE04EC0-301F-11D3-BF4B-00C04F79EFBC}") = "ClassesAndGenerics", "Chapter2\ClassesAndGenerics\ClassesAndGenerics.csproj", "{D3F46D95-CB39-4191-9CA9-240974E4EE62}"
EndProject
Project("{2150E333-8FDC-42A3-9474-1A3956D46DE8}") = "Chapter3", "Chapter3", "{D7CF0AFA-2598-40B1-A33D-B9282DBEE53B}"
EndProject
Project("{FAE04EC0-301F-11D3-BF4B-00C04F79EFBC}") = "Chapter3", "Chapter3\Chapter3\Chapter3.csproj", "{D5645D09-1C4F-45F5-9E23-BFCBE1FFB94C}"
EndProject
Project("{2150E333-8FDC-42A3-9474-1A3956D46DE8}") = "Chapter4", "Chapter4", "{FA9C54BC-997F-4B55-A899-2C2E7721BE52}"
EndProject
Project("{FAE04EC0-301F-11D3-BF4B-00C04F79EFBC}") = "DiagAnalyzerDemo", "Chapter4\DiagAnalyzerDemo\DiagAnalyzerDemo.csproj", "{778E43B8-E6AC-4D99-AA68-29793F3087D2}"
EndProject
Project("{9A19103F-16F7-4668-BE54-9A1E7A4F7556}") = "MyFirstAnalyzer", "Chapter4\MyFirstAnalyzer\MyFirstAnalyzer\MyFirstAnalyzer.csproj", "{E2DBF3C5-758F-423B-A47F-75C87D9B62D0}"
EndProject
Project("{9A19103F-16F7-4668-BE54-9A1E7A4F7556}") = "MyFirstAnalyzer.Test", "Chapter4\MyFirstAnalyzer\MyFirstAnalyzer.Test\MyFirstAnalyzer.Test.csproj", "{783AED71-C81F-4F5C-B2C8-506CE03F8459}"
EndProject
Project("{FAE04EC0-301F-11D3-BF4B-00C04F79EFBC}") = "MyFirstAnalyzer.Vsix", "Chapter4\MyFirstAnalyzer\MyFirstAnalyzer.Vsix\MyFirstAnalyzer.Vsix.csproj", "{E9B51B48-4574-4DBA-A086-D3CF64B550FE}"
EndProject
Project("{9A19103F-16F7-4668-BE54-9A1E7A4F7556}") = "PurchaseOrderAnalyzer", "Chapter4\PurchaseOrderAnalyzer\PurchaseOrderAnalyzer\PurchaseOrderAnalyzer.csproj", "{C02E86D0-601C-456C-9DA3-7562C9975EDD}"
EndProject
Project("{9A19103F-16F7-4668-BE54-9A1E7A4F7556}") = "PurchaseOrderAnalyzer.Test", "Chapter4\PurchaseOrderAnalyzer\PurchaseOrderAnalyzer.Test\PurchaseOrderAnalyzer.Test.csproj", "{B47618DC-913F-4114-B430-0EDF23CDCAE6}"
EndProject
Project("{FAE04EC0-301F-11D3-BF4B-00C04F79EFBC}") = "PurchaseOrderAnalyzer.Vsix", "Chapter4\PurchaseOrderAnalyzer\PurchaseOrderAnalyzer.Vsix\PurchaseOrderAnalyzer.Vsix.csproj", "{47A62097-7101-4294-BA0E-2B92998E98CB}"
EndProject
Project("{2150E333-8FDC-42A3-9474-1A3956D46DE8}") = "Chapter5", "Chapter5", "{EE15B3C6-4F4A-4BC5-A71F-B292F76FAC71}"
EndProject
Project("{FAE04EC0-301F-11D3-BF4B-00C04F79EFBC}") = "RegularExpressions", "Chapter5\RegularExpressions\RegularExpressions.csproj", "{0A7319C5-9D4C-4F67-8B03-B55C02C60B67}"
EndProject
Project("{FAE04EC0-301F-11D3-BF4B-00C04F79EFBC}") = "SpaceTheFinalFrontier", "Chapter3\SpaceTheFinalFrontier.csproj", "{99E0DAA9-DB50-4010-B9E6-1CB852714983}"
EndProject
Project("{2150E333-8FDC-42A3-9474-1A3956D46DE8}") = "Chapter6", "Chapter6", "{F8D034DF-FB91-476A-BCD5-91AEFBC6DE7B}"
EndProject
Project("{FAE04EC0-301F-11D3-BF4B-00C04F79EFBC}") = "FilesExample", "Chapter6\FilesExample\FilesExample.csproj", "{60F5C528-5513-4675-B017-ED825E6798DF}"
EndProject
Project("{FAE04EC0-301F-11D3-BF4B-00C04F79EFBC}") = "AsyncFiles", "Chapter6\AsyncFiles\AsyncFiles.csproj", "{6387D7D4-D876-436D-B5E3-4C06DBAAF6A4}"
EndProject
Project("{FAE04EC0-301F-11D3-BF4B-00C04F79EFBC}") = "Serialization", "Chapter6\Serialization\Serialization.csproj", "{543A2A5F-2865-4969-B00E-62BEE23EDA77}"
EndProject
Project("{FAE04EC0-301F-11D3-BF4B-00C04F79EFBC}") = "ISerializableApp", "Chapter6\ISerializableApp\ISerializableApp.csproj", "{352E1D65-9A5B-4117-861E-E212AEE39E3F}"
EndProject
Project("{FAE04EC0-301F-11D3-BF4B-00C04F79EFBC}") = "XMLSerializableApp", "Chapter6\XMLSerializableApp\XMLSerializableApp.csproj", "{E9C4E070-65A4-4C27-AB87-ACCEB937864A}"
EndProject
Project("{FAE04EC0-301F-11D3-BF4B-00C04F79EFBC}") = "JsonSerializableApp", "Chapter6\JsonSerializableApp\JsonSerializableApp.csproj", "{A410E4FC-AEC5-495D-884C-9EA0F5F61270}"
EndProject
Project("{2150E333-8FDC-42A3-9474-1A3956D46DE8}") = "Chapter7", "Chapter7", "{95996962-A899-4F10-8725-CF71A74EA686}"
EndProject
Project("{FAE04EC0-301F-11D3-BF4B-00C04F79EFBC}") = "WinFormsAsync", "Chapter7\WinFormsAsync\WinFormsAsync.csproj", "{06A1CF97-7CE7-4DDE-8AEF-26293345A57F}"
EndProject
Project("{2150E333-8FDC-42A3-9474-1A3956D46DE8}") = "Chapter8", "Chapter8", "{34BA9E17-F645-47F6-B268-7D5DC86348E8}"
EndProject
Project("{FAE04EC0-301F-11D3-BF4B-00C04F79EFBC}") = "HighPerformanceProgramming", "Chapter8\HighPerformanceProgramming\HighPerformanceProgramming.csproj", "{36285C59-6664-41B7-9CBB-A3CF4A5C5563}"
EndProject
Project("{2150E333-8FDC-42A3-9474-1A3956D46DE8}") = "Chapter9", "Chapter9", "{3BC89F43-E35A-4ED0-9FA2-099A7B717441}"
EndProject
Project("{FAE04EC0-301F-11D3-BF4B-00C04F79EFBC}") = "Rx", "Chapter9\Rx\Rx.csproj", "{960F8256-7911-4305-8E07-8178B91ADEBD}"
EndProject
Project("{FAE04EC0-301F-11D3-BF4B-00C04F79EFBC}") = "WinformsRx", "Chapter9\WinformsRx\WinformsRx.csproj", "{9FBFF13C-5E35-44BB-98A6-B40EB75A8064}"
EndProject
Project("{FAE04EC0-301F-11D3-BF4B-00C04F79EFBC}") = "LambdaExampleApp", "Chapter9\LambdaExampleApp\LambdaExampleApp.csproj", "{F7EAFC69-E055-4B17-9BA7-27BB78087296}"
EndProject
Global
	GlobalSection(SolutionConfigurationPlatforms) = preSolution
		Debug|Any CPU = Debug|Any CPU
		Release|Any CPU = Release|Any CPU
	EndGlobalSection
	GlobalSection(ProjectConfigurationPlatforms) = postSolution
		{862B6AC1-B987-4317-9829-CE17BFF2CE23}.Debug|Any CPU.ActiveCfg = Debug|Any CPU
		{862B6AC1-B987-4317-9829-CE17BFF2CE23}.Debug|Any CPU.Build.0 = Debug|Any CPU
		{862B6AC1-B987-4317-9829-CE17BFF2CE23}.Release|Any CPU.ActiveCfg = Release|Any CPU
		{862B6AC1-B987-4317-9829-CE17BFF2CE23}.Release|Any CPU.Build.0 = Release|Any CPU
		{E7EB810F-C176-4CA2-8851-3FDB978D6601}.Debug|Any CPU.ActiveCfg = Debug|Any CPU
		{E7EB810F-C176-4CA2-8851-3FDB978D6601}.Debug|Any CPU.Build.0 = Debug|Any CPU
		{E7EB810F-C176-4CA2-8851-3FDB978D6601}.Release|Any CPU.ActiveCfg = Release|Any CPU
		{E7EB810F-C176-4CA2-8851-3FDB978D6601}.Release|Any CPU.Build.0 = Release|Any CPU
		{D3F46D95-CB39-4191-9CA9-240974E4EE62}.Debug|Any CPU.ActiveCfg = Debug|Any CPU
		{D3F46D95-CB39-4191-9CA9-240974E4EE62}.Debug|Any CPU.Build.0 = Debug|Any CPU
		{D3F46D95-CB39-4191-9CA9-240974E4EE62}.Release|Any CPU.ActiveCfg = Release|Any CPU
		{D3F46D95-CB39-4191-9CA9-240974E4EE62}.Release|Any CPU.Build.0 = Release|Any CPU
		{D5645D09-1C4F-45F5-9E23-BFCBE1FFB94C}.Debug|Any CPU.ActiveCfg = Debug|Any CPU
		{D5645D09-1C4F-45F5-9E23-BFCBE1FFB94C}.Debug|Any CPU.Build.0 = Debug|Any CPU
		{D5645D09-1C4F-45F5-9E23-BFCBE1FFB94C}.Release|Any CPU.ActiveCfg = Release|Any CPU
		{D5645D09-1C4F-45F5-9E23-BFCBE1FFB94C}.Release|Any CPU.Build.0 = Release|Any CPU
		{778E43B8-E6AC-4D99-AA68-29793F3087D2}.Debug|Any CPU.ActiveCfg = Debug|Any CPU
		{778E43B8-E6AC-4D99-AA68-29793F3087D2}.Debug|Any CPU.Build.0 = Debug|Any CPU
		{778E43B8-E6AC-4D99-AA68-29793F3087D2}.Release|Any CPU.ActiveCfg = Release|Any CPU
		{778E43B8-E6AC-4D99-AA68-29793F3087D2}.Release|Any CPU.Build.0 = Release|Any CPU
		{E2DBF3C5-758F-423B-A47F-75C87D9B62D0}.Debug|Any CPU.ActiveCfg = Debug|Any CPU
		{E2DBF3C5-758F-423B-A47F-75C87D9B62D0}.Debug|Any CPU.Build.0 = Debug|Any CPU
		{E2DBF3C5-758F-423B-A47F-75C87D9B62D0}.Release|Any CPU.ActiveCfg = Release|Any CPU
		{E2DBF3C5-758F-423B-A47F-75C87D9B62D0}.Release|Any CPU.Build.0 = Release|Any CPU
		{783AED71-C81F-4F5C-B2C8-506CE03F8459}.Debug|Any CPU.ActiveCfg = Debug|Any CPU
		{783AED71-C81F-4F5C-B2C8-506CE03F8459}.Debug|Any CPU.Build.0 = Debug|Any CPU
		{783AED71-C81F-4F5C-B2C8-506CE03F8459}.Release|Any CPU.ActiveCfg = Release|Any CPU
		{783AED71-C81F-4F5C-B2C8-506CE03F8459}.Release|Any CPU.Build.0 = Release|Any CPU
		{E9B51B48-4574-4DBA-A086-D3CF64B550FE}.Debug|Any CPU.ActiveCfg = Debug|Any CPU
		{E9B51B48-4574-4DBA-A086-D3CF64B550FE}.Debug|Any CPU.Build.0 = Debug|Any CPU
		{E9B51B48-4574-4DBA-A086-D3CF64B550FE}.Release|Any CPU.ActiveCfg = Release|Any CPU
		{E9B51B48-4574-4DBA-A086-D3CF64B550FE}.Release|Any CPU.Build.0 = Release|Any CPU
		{C02E86D0-601C-456C-9DA3-7562C9975EDD}.Debug|Any CPU.ActiveCfg = Debug|Any CPU
		{C02E86D0-601C-456C-9DA3-7562C9975EDD}.Debug|Any CPU.Build.0 = Debug|Any CPU
		{C02E86D0-601C-456C-9DA3-7562C9975EDD}.Release|Any CPU.ActiveCfg = Release|Any CPU
		{C02E86D0-601C-456C-9DA3-7562C9975EDD}.Release|Any CPU.Build.0 = Release|Any CPU
		{B47618DC-913F-4114-B430-0EDF23CDCAE6}.Debug|Any CPU.ActiveCfg = Debug|Any CPU
		{B47618DC-913F-4114-B430-0EDF23CDCAE6}.Debug|Any CPU.Build.0 = Debug|Any CPU
		{B47618DC-913F-4114-B430-0EDF23CDCAE6}.Release|Any CPU.ActiveCfg = Release|Any CPU
		{B47618DC-913F-4114-B430-0EDF23CDCAE6}.Release|Any CPU.Build.0 = Release|Any CPU
		{47A62097-7101-4294-BA0E-2B92998E98CB}.Debug|Any CPU.ActiveCfg = Debug|Any CPU
		{47A62097-7101-4294-BA0E-2B92998E98CB}.Debug|Any CPU.Build.0 = Debug|Any CPU
		{47A62097-7101-4294-BA0E-2B92998E98CB}.Release|Any CPU.ActiveCfg = Release|Any CPU
		{47A62097-7101-4294-BA0E-2B92998E98CB}.Release|Any CPU.Build.0 = Release|Any CPU
		{0A7319C5-9D4C-4F67-8B03-B55C02C60B67}.Debug|Any CPU.ActiveCfg = Debug|Any CPU
		{0A7319C5-9D4C-4F67-8B03-B55C02C60B67}.Debug|Any CPU.Build.0 = Debug|Any CPU
		{0A7319C5-9D4C-4F67-8B03-B55C02C60B67}.Release|Any CPU.ActiveCfg = Release|Any CPU
		{0A7319C5-9D4C-4F67-8B03-B55C02C60B67}.Release|Any CPU.Build.0 = Release|Any CPU
		{99E0DAA9-DB50-4010-B9E6-1CB852714983}.Debug|Any CPU.ActiveCfg = Debug|Any CPU
		{99E0DAA9-DB50-4010-B9E6-1CB852714983}.Debug|Any CPU.Build.0 = Debug|Any CPU
		{99E0DAA9-DB50-4010-B9E6-1CB852714983}.Release|Any CPU.ActiveCfg = Release|Any CPU
		{99E0DAA9-DB50-4010-B9E6-1CB852714983}.Release|Any CPU.Build.0 = Release|Any CPU
		{60F5C528-5513-4675-B017-ED825E6798DF}.Debug|Any CPU.ActiveCfg = Debug|Any CPU
		{60F5C528-5513-4675-B017-ED825E6798DF}.Debug|Any CPU.Build.0 = Debug|Any CPU
		{60F5C528-5513-4675-B017-ED825E6798DF}.Release|Any CPU.ActiveCfg = Release|Any CPU
		{60F5C528-5513-4675-B017-ED825E6798DF}.Release|Any CPU.Build.0 = Release|Any CPU
		{6387D7D4-D876-436D-B5E3-4C06DBAAF6A4}.Debug|Any CPU.ActiveCfg = Debug|Any CPU
		{6387D7D4-D876-436D-B5E3-4C06DBAAF6A4}.Debug|Any CPU.Build.0 = Debug|Any CPU
		{6387D7D4-D876-436D-B5E3-4C06DBAAF6A4}.Release|Any CPU.ActiveCfg = Release|Any CPU
		{6387D7D4-D876-436D-B5E3-4C06DBAAF6A4}.Release|Any CPU.Build.0 = Release|Any CPU
		{543A2A5F-2865-4969-B00E-62BEE23EDA77}.Debug|Any CPU.ActiveCfg = Debug|Any CPU
		{543A2A5F-2865-4969-B00E-62BEE23EDA77}.Debug|Any CPU.Build.0 = Debug|Any CPU
		{543A2A5F-2865-4969-B00E-62BEE23EDA77}.Release|Any CPU.ActiveCfg = Release|Any CPU
		{543A2A5F-2865-4969-B00E-62BEE23EDA77}.Release|Any CPU.Build.0 = Release|Any CPU
		{352E1D65-9A5B-4117-861E-E212AEE39E3F}.Debug|Any CPU.ActiveCfg = Debug|Any CPU
		{352E1D65-9A5B-4117-861E-E212AEE39E3F}.Debug|Any CPU.Build.0 = Debug|Any CPU
		{352E1D65-9A5B-4117-861E-E212AEE39E3F}.Release|Any CPU.ActiveCfg = Release|Any CPU
		{352E1D65-9A5B-4117-861E-E212AEE39E3F}.Release|Any CPU.Build.0 = Release|Any CPU
		{E9C4E070-65A4-4C27-AB87-ACCEB937864A}.Debug|Any CPU.ActiveCfg = Debug|Any CPU
		{E9C4E070-65A4-4C27-AB87-ACCEB937864A}.Debug|Any CPU.Build.0 = Debug|Any CPU
		{E9C4E070-65A4-4C27-AB87-ACCEB937864A}.Release|Any CPU.ActiveCfg = Release|Any CPU
		{E9C4E070-65A4-4C27-AB87-ACCEB937864A}.Release|Any CPU.Build.0 = Release|Any CPU
		{A410E4FC-AEC5-495D-884C-9EA0F5F61270}.Debug|Any CPU.ActiveCfg = Debug|Any CPU
		{A410E4FC-AEC5-495D-884C-9EA0F5F61270}.Debug|Any CPU.Build.0 = Debug|Any CPU
		{A410E4FC-AEC5-495D-884C-9EA0F5F61270}.Release|Any CPU.ActiveCfg = Release|Any CPU
		{A410E4FC-AEC5-495D-884C-9EA0F5F61270}.Release|Any CPU.Build.0 = Release|Any CPU
		{06A1CF97-7CE7-4DDE-8AEF-26293345A57F}.Debug|Any CPU.ActiveCfg = Debug|Any CPU
		{06A1CF97-7CE7-4DDE-8AEF-26293345A57F}.Debug|Any CPU.Build.0 = Debug|Any CPU
		{06A1CF97-7CE7-4DDE-8AEF-26293345A57F}.Release|Any CPU.ActiveCfg = Release|Any CPU
		{06A1CF97-7CE7-4DDE-8AEF-26293345A57F}.Release|Any CPU.Build.0 = Release|Any CPU
		{36285C59-6664-41B7-9CBB-A3CF4A5C5563}.Debug|Any CPU.ActiveCfg = Debug|Any CPU
		{36285C59-6664-41B7-9CBB-A3CF4A5C5563}.Debug|Any CPU.Build.0 = Debug|Any CPU
		{36285C59-6664-41B7-9CBB-A3CF4A5C5563}.Release|Any CPU.ActiveCfg = Release|Any CPU
		{36285C59-6664-41B7-9CBB-A3CF4A5C5563}.Release|Any CPU.Build.0 = Release|Any CPU
		{960F8256-7911-4305-8E07-8178B91ADEBD}.Debug|Any CPU.ActiveCfg = Debug|Any CPU
		{960F8256-7911-4305-8E07-8178B91ADEBD}.Debug|Any CPU.Build.0 = Debug|Any CPU
		{960F8256-7911-4305-8E07-8178B91ADEBD}.Release|Any CPU.ActiveCfg = Release|Any CPU
		{960F8256-7911-4305-8E07-8178B91ADEBD}.Release|Any CPU.Build.0 = Release|Any CPU
		{9FBFF13C-5E35-44BB-98A6-B40EB75A8064}.Debug|Any CPU.ActiveCfg = Debug|Any CPU
		{9FBFF13C-5E35-44BB-98A6-B40EB75A8064}.Debug|Any CPU.Build.0 = Debug|Any CPU
		{9FBFF13C-5E35-44BB-98A6-B40EB75A8064}.Release|Any CPU.ActiveCfg = Release|Any CPU
		{9FBFF13C-5E35-44BB-98A6-B40EB75A8064}.Release|Any CPU.Build.0 = Release|Any CPU
		{F7EAFC69-E055-4B17-9BA7-27BB78087296}.Debug|Any CPU.ActiveCfg = Debug|Any CPU
		{F7EAFC69-E055-4B17-9BA7-27BB78087296}.Debug|Any CPU.Build.0 = Debug|Any CPU
		{F7EAFC69-E055-4B17-9BA7-27BB78087296}.Release|Any CPU.ActiveCfg = Release|Any CPU
		{F7EAFC69-E055-4B17-9BA7-27BB78087296}.Release|Any CPU.Build.0 = Release|Any CPU
	EndGlobalSection
	GlobalSection(SolutionProperties) = preSolution
		HideSolutionNode = FALSE
	EndGlobalSection
	GlobalSection(NestedProjects) = preSolution
		{862B6AC1-B987-4317-9829-CE17BFF2CE23} = {7DCFDF91-A323-4231-9311-12196224275B}
		{E7EB810F-C176-4CA2-8851-3FDB978D6601} = {7DCFDF91-A323-4231-9311-12196224275B}
		{D3F46D95-CB39-4191-9CA9-240974E4EE62} = {926686BA-7498-405C-81A4-FE3F724F748C}
		{D5645D09-1C4F-45F5-9E23-BFCBE1FFB94C} = {D7CF0AFA-2598-40B1-A33D-B9282DBEE53B}
		{778E43B8-E6AC-4D99-AA68-29793F3087D2} = {FA9C54BC-997F-4B55-A899-2C2E7721BE52}
		{E2DBF3C5-758F-423B-A47F-75C87D9B62D0} = {FA9C54BC-997F-4B55-A899-2C2E7721BE52}
		{783AED71-C81F-4F5C-B2C8-506CE03F8459} = {FA9C54BC-997F-4B55-A899-2C2E7721BE52}
		{E9B51B48-4574-4DBA-A086-D3CF64B550FE} = {FA9C54BC-997F-4B55-A899-2C2E7721BE52}
		{C02E86D0-601C-456C-9DA3-7562C9975EDD} = {FA9C54BC-997F-4B55-A899-2C2E7721BE52}
		{B47618DC-913F-4114-B430-0EDF23CDCAE6} = {FA9C54BC-997F-4B55-A899-2C2E7721BE52}
		{47A62097-7101-4294-BA0E-2B92998E98CB} = {FA9C54BC-997F-4B55-A899-2C2E7721BE52}
		{0A7319C5-9D4C-4F67-8B03-B55C02C60B67} = {EE15B3C6-4F4A-4BC5-A71F-B292F76FAC71}
		{99E0DAA9-DB50-4010-B9E6-1CB852714983} = {D7CF0AFA-2598-40B1-A33D-B9282DBEE53B}
		{60F5C528-5513-4675-B017-ED825E6798DF} = {F8D034DF-FB91-476A-BCD5-91AEFBC6DE7B}
		{6387D7D4-D876-436D-B5E3-4C06DBAAF6A4} = {F8D034DF-FB91-476A-BCD5-91AEFBC6DE7B}
		{543A2A5F-2865-4969-B00E-62BEE23EDA77} = {F8D034DF-FB91-476A-BCD5-91AEFBC6DE7B}
		{352E1D65-9A5B-4117-861E-E212AEE39E3F} = {F8D034DF-FB91-476A-BCD5-91AEFBC6DE7B}
		{E9C4E070-65A4-4C27-AB87-ACCEB937864A} = {F8D034DF-FB91-476A-BCD5-91AEFBC6DE7B}
		{A410E4FC-AEC5-495D-884C-9EA0F5F61270} = {F8D034DF-FB91-476A-BCD5-91AEFBC6DE7B}
		{06A1CF97-7CE7-4DDE-8AEF-26293345A57F} = {95996962-A899-4F10-8725-CF71A74EA686}
		{36285C59-6664-41B7-9CBB-A3CF4A5C5563} = {34BA9E17-F645-47F6-B268-7D5DC86348E8}
		{960F8256-7911-4305-8E07-8178B91ADEBD} = {3BC89F43-E35A-4ED0-9FA2-099A7B717441}
		{9FBFF13C-5E35-44BB-98A6-B40EB75A8064} = {3BC89F43-E35A-4ED0-9FA2-099A7B717441}
		{F7EAFC69-E055-4B17-9BA7-27BB78087296} = {3BC89F43-E35A-4ED0-9FA2-099A7B717441}
	EndGlobalSection
	GlobalSection(ExtensibilityGlobals) = postSolution
		SolutionGuid = {79C6C7F8-AD33-41D3-B7E0-6B9E90AE67F5}
	EndGlobalSection
EndGlobal
